version = 1
revision = 2
requires-python = ">=3.13"

[[package]]
name = "asgiref"
version = "3.8.1"
source = { registry = "https://pypi.org/simple" }
sdist = { url = "https://files.pythonhosted.org/packages/29/38/b3395cc9ad1b56d2ddac9970bc8f4141312dbaec28bc7c218b0dfafd0f42/asgiref-3.8.1.tar.gz", hash = "sha256:c343bd80a0bec947a9860adb4c432ffa7db769836c64238fc34bdc3fec84d590", size = 35186, upload-time = "2024-03-22T14:39:36.863Z" }
wheels = [
    { url = "https://files.pythonhosted.org/packages/39/e3/893e8757be2612e6c266d9bb58ad2e3651524b5b40cf56761e985a28b13e/asgiref-3.8.1-py3-none-any.whl", hash = "sha256:3e1e3ecc849832fe52ccf2cb6686b7a55f82bb1d6aee72a58826471390335e47", size = 23828, upload-time = "2024-03-22T14:39:34.521Z" },
]

[[package]]
name = "brotli"
version = "1.1.0"
source = { registry = "https://pypi.org/simple" }
sdist = { url = "https://files.pythonhosted.org/packages/2f/c2/f9e977608bdf958650638c3f1e28f85a1b075f075ebbe77db8555463787b/Brotli-1.1.0.tar.gz", hash = "sha256:81de08ac11bcb85841e440c13611c00b67d3bf82698314928d0b676362546724", size = 7372270, upload-time = "2023-09-07T14:05:41.643Z" }
wheels = [
    { url = "https://files.pythonhosted.org/packages/0a/9f/fb37bb8ffc52a8da37b1c03c459a8cd55df7a57bdccd8831d500e994a0ca/Brotli-1.1.0-cp313-cp313-macosx_10_13_universal2.whl", hash = "sha256:8bf32b98b75c13ec7cf774164172683d6e7891088f6316e54425fde1efc276d5", size = 815681, upload-time = "2024-10-18T12:32:34.942Z" },
    { url = "https://files.pythonhosted.org/packages/06/b3/dbd332a988586fefb0aa49c779f59f47cae76855c2d00f450364bb574cac/Brotli-1.1.0-cp313-cp313-macosx_10_13_x86_64.whl", hash = "sha256:7bc37c4d6b87fb1017ea28c9508b36bbcb0c3d18b4260fcdf08b200c74a6aee8", size = 422475, upload-time = "2024-10-18T12:32:36.485Z" },
    { url = "https://files.pythonhosted.org/packages/bb/80/6aaddc2f63dbcf2d93c2d204e49c11a9ec93a8c7c63261e2b4bd35198283/Brotli-1.1.0-cp313-cp313-manylinux_2_17_aarch64.manylinux2014_aarch64.whl", hash = "sha256:3c0ef38c7a7014ffac184db9e04debe495d317cc9c6fb10071f7fefd93100a4f", size = 2906173, upload-time = "2024-10-18T12:32:37.978Z" },
    { url = "https://files.pythonhosted.org/packages/ea/1d/e6ca79c96ff5b641df6097d299347507d39a9604bde8915e76bf026d6c77/Brotli-1.1.0-cp313-cp313-manylinux_2_17_ppc64le.manylinux2014_ppc64le.whl", hash = "sha256:91d7cc2a76b5567591d12c01f019dd7afce6ba8cba6571187e21e2fc418ae648", size = 2943803, upload-time = "2024-10-18T12:32:39.606Z" },
    { url = "https://files.pythonhosted.org/packages/ac/a3/d98d2472e0130b7dd3acdbb7f390d478123dbf62b7d32bda5c830a96116d/Brotli-1.1.0-cp313-cp313-manylinux_2_17_x86_64.manylinux2014_x86_64.whl", hash = "sha256:a93dde851926f4f2678e704fadeb39e16c35d8baebd5252c9fd94ce8ce68c4a0", size = 2918946, upload-time = "2024-10-18T12:32:41.679Z" },
    { url = "https://files.pythonhosted.org/packages/c4/a5/c69e6d272aee3e1423ed005d8915a7eaa0384c7de503da987f2d224d0721/Brotli-1.1.0-cp313-cp313-manylinux_2_5_i686.manylinux1_i686.manylinux_2_17_i686.manylinux2014_i686.whl", hash = "sha256:f0db75f47be8b8abc8d9e31bc7aad0547ca26f24a54e6fd10231d623f183d089", size = 2845707, upload-time = "2024-10-18T12:32:43.478Z" },
    { url = "https://files.pythonhosted.org/packages/58/9f/4149d38b52725afa39067350696c09526de0125ebfbaab5acc5af28b42ea/Brotli-1.1.0-cp313-cp313-musllinux_1_2_aarch64.whl", hash = "sha256:6967ced6730aed543b8673008b5a391c3b1076d834ca438bbd70635c73775368", size = 2936231, upload-time = "2024-10-18T12:32:45.224Z" },
    { url = "https://files.pythonhosted.org/packages/5a/5a/145de884285611838a16bebfdb060c231c52b8f84dfbe52b852a15780386/Brotli-1.1.0-cp313-cp313-musllinux_1_2_i686.whl", hash = "sha256:7eedaa5d036d9336c95915035fb57422054014ebdeb6f3b42eac809928e40d0c", size = 2848157, upload-time = "2024-10-18T12:32:46.894Z" },
    { url = "https://files.pythonhosted.org/packages/50/ae/408b6bfb8525dadebd3b3dd5b19d631da4f7d46420321db44cd99dcf2f2c/Brotli-1.1.0-cp313-cp313-musllinux_1_2_ppc64le.whl", hash = "sha256:d487f5432bf35b60ed625d7e1b448e2dc855422e87469e3f450aa5552b0eb284", size = 3035122, upload-time = "2024-10-18T12:32:48.844Z" },
    { url = "https://files.pythonhosted.org/packages/af/85/a94e5cfaa0ca449d8f91c3d6f78313ebf919a0dbd55a100c711c6e9655bc/Brotli-1.1.0-cp313-cp313-musllinux_1_2_x86_64.whl", hash = "sha256:832436e59afb93e1836081a20f324cb185836c617659b07b129141a8426973c7", size = 2930206, upload-time = "2024-10-18T12:32:51.198Z" },
    { url = "https://files.pythonhosted.org/packages/c2/f0/a61d9262cd01351df22e57ad7c34f66794709acab13f34be2675f45bf89d/Brotli-1.1.0-cp313-cp313-win32.whl", hash = "sha256:43395e90523f9c23a3d5bdf004733246fba087f2948f87ab28015f12359ca6a0", size = 333804, upload-time = "2024-10-18T12:32:52.661Z" },
    { url = "https://files.pythonhosted.org/packages/7e/c1/ec214e9c94000d1c1974ec67ced1c970c148aa6b8d8373066123fc3dbf06/Brotli-1.1.0-cp313-cp313-win_amd64.whl", hash = "sha256:9011560a466d2eb3f5a6e4929cf4a09be405c64154e12df0dd72713f6500e32b", size = 358517, upload-time = "2024-10-18T12:32:54.066Z" },
]

[[package]]
name = "cloneugc"
version = "0.1.0"
source = { virtual = "." }
dependencies = [
    { name = "django" },
    { name = "gunicorn" },
    { name = "whitenoise", extra = ["brotli"] },
]

[package.metadata]
requires-dist = [
    { name = "django", specifier = ">=5.2.1" },
    { name = "gunicorn", specifier = ">=23.0.0" },
    { name = "whitenoise", extras = ["brotli"], specifier = ">=6.9.0" },
]

[[package]]
name = "django"
version = "5.2.1"
source = { registry = "https://pypi.org/simple" }
dependencies = [
    { name = "asgiref" },
    { name = "sqlparse" },
    { name = "tzdata", marker = "sys_platform == 'win32'" },
]
sdist = { url = "https://files.pythonhosted.org/packages/ac/10/0d546258772b8f31398e67c85e52c66ebc2b13a647193c3eef8ee433f1a8/django-5.2.1.tar.gz", hash = "sha256:57fe1f1b59462caed092c80b3dd324fd92161b620d59a9ba9181c34746c97284", size = 10818735, upload-time = "2025-05-07T14:06:17.543Z" }
wheels = [
    { url = "https://files.pythonhosted.org/packages/90/92/7448697b5838b3a1c6e1d2d6a673e908d0398e84dc4f803a2ce11e7ffc0f/django-5.2.1-py3-none-any.whl", hash = "sha256:a9b680e84f9a0e71da83e399f1e922e1ab37b2173ced046b541c72e1589a5961", size = 8301833, upload-time = "2025-05-07T14:06:10.955Z" },
]

[[package]]
name = "gunicorn"
version = "23.0.0"
source = { registry = "https://pypi.org/simple" }
dependencies = [
    { name = "packaging" },
]
sdist = { url = "https://files.pythonhosted.org/packages/34/72/9614c465dc206155d93eff0ca20d42e1e35afc533971379482de953521a4/gunicorn-23.0.0.tar.gz", hash = "sha256:f014447a0101dc57e294f6c18ca6b40227a4c90e9bdb586042628030cba004ec", size = 375031, upload-time = "2024-08-10T20:25:27.378Z" }
wheels = [
    { url = "https://files.pythonhosted.org/packages/cb/7d/6dac2a6e1eba33ee43f318edbed4ff29151a49b5d37f080aad1e6469bca4/gunicorn-23.0.0-py3-none-any.whl", hash = "sha256:ec400d38950de4dfd418cff8328b2c8faed0edb0d517d3394e457c317908ca4d", size = 85029, upload-time = "2024-08-10T20:25:24.996Z" },
]

[[package]]
name = "packaging"
version = "25.0"
source = { registry = "https://pypi.org/simple" }
sdist = { url = "https://files.pythonhosted.org/packages/a1/d4/1fc4078c65507b51b96ca8f8c3ba19e6a61c8253c72794544580a7b6c24d/packaging-25.0.tar.gz", hash = "sha256:d443872c98d677bf60f6a1f2f8c1cb748e8fe762d2bf9d3148b5599295b0fc4f", size = 165727, upload-time = "2025-04-19T11:48:59.673Z" }
wheels = [
    { url = "https://files.pythonhosted.org/packages/20/12/38679034af332785aac8774540895e234f4d07f7545804097de4b666afd8/packaging-25.0-py3-none-any.whl", hash = "sha256:29572ef2b1f17581046b3a2227d5c611fb25ec70ca1ba8554b24b0e69331a484", size = 66469, upload-time = "2025-04-19T11:48:57.875Z" },
]

[[package]]
name = "sqlparse"
version = "0.5.3"
source = { registry = "https://pypi.org/simple" }
sdist = { url = "https://files.pythonhosted.org/packages/e5/40/edede8dd6977b0d3da179a342c198ed100dd2aba4be081861ee5911e4da4/sqlparse-0.5.3.tar.gz", hash = "sha256:09f67787f56a0b16ecdbde1bfc7f5d9c3371ca683cfeaa8e6ff60b4807ec9272", size = 84999, upload-time = "2024-12-10T12:05:30.728Z" }
wheels = [
    { url = "https://files.pythonhosted.org/packages/a9/5c/bfd6bd0bf979426d405cc6e71eceb8701b148b16c21d2dc3c261efc61c7b/sqlparse-0.5.3-py3-none-any.whl", hash = "sha256:cf2196ed3418f3ba5de6af7e82c694a9fbdbfecccdfc72e281548517081f16ca", size = 44415, upload-time = "2024-12-10T12:05:27.824Z" },
]

[[package]]
name = "tzdata"
version = "2025.2"
source = { registry = "https://pypi.org/simple" }
sdist = { url = "https://files.pythonhosted.org/packages/95/32/1a225d6164441be760d75c2c42e2780dc0873fe382da3e98a2e1e48361e5/tzdata-2025.2.tar.gz", hash = "sha256:b60a638fcc0daffadf82fe0f57e53d06bdec2f36c4df66280ae79bce6bd6f2b9", size = 196380, upload-time = "2025-03-23T13:54:43.652Z" }
wheels = [
    { url = "https://files.pythonhosted.org/packages/5c/23/c7abc0ca0a1526a0774eca151daeb8de62ec457e77262b66b359c3c7679e/tzdata-2025.2-py2.py3-none-any.whl", hash = "sha256:1a403fada01ff9221ca8044d701868fa132215d84beb92242d9acd2147f667a8", size = 347839, upload-time = "2025-03-23T13:54:41.845Z" },
]

[[package]]
name = "whitenoise"
version = "6.9.0"
source = { registry = "https://pypi.org/simple" }
sdist = { url = "https://files.pythonhosted.org/packages/b9/cf/c15c2f21aee6b22a9f6fc9be3f7e477e2442ec22848273db7f4eb73d6162/whitenoise-6.9.0.tar.gz", hash = "sha256:8c4a7c9d384694990c26f3047e118c691557481d624f069b7f7752a2f735d609", size = 25920, upload-time = "2025-02-06T22:16:34.957Z" }
wheels = [
    { url = "https://files.pythonhosted.org/packages/64/b2/2ce9263149fbde9701d352bda24ea1362c154e196d2fda2201f18fc585d7/whitenoise-6.9.0-py3-none-any.whl", hash = "sha256:c8a489049b7ee9889617bb4c274a153f3d979e8f51d2efd0f5b403caf41c57df", size = 20161, upload-time = "2025-02-06T22:16:32.589Z" },
]

[package.optional-dependencies]
brotli = [
    { name = "brotli" },
]
